
Microsoft Visual Studio Solution File, Format Version 12.00
# Visual Studio Version 17
VisualStudioVersion = 17.14.36212.18 d17.14
MinimumVisualStudioVersion = 10.0.40219.1
Project("{FAE04EC0-301F-11D3-BF4B-00C04F79EFBC}") = "DavonRestrictedResourceSupplyModule", "DavonRestrictedResourceSupplyModule\DavonRestrictedResourceSupplyModule.csproj", "{FD503E53-CAD4-4E72-A49A-02CA2325DCB6}"
EndProject
Project("{2150E333-8FDC-42A3-9474-1A3956D46DE8}") = "Solution Items", "Solution Items", "{D0DA67D9-7048-4885-96F8-A68AA8BA5BB9}"
	ProjectSection(SolutionItems) = preProject
		buildRelease.bat = buildRelease.bat
		Changelog.txt = Changelog.txt
		DavonSupplyMod.version = DavonSupplyMod.version
		deploy.bat = deploy.bat
		GameData\DavonSupplyMod\Localization\en-us.cfg = GameData\DavonSupplyMod\Localization\en-us.cfg
		jenkins.txt = jenkins.txt
		LICENSE.md = LICENSE.md
		README.md = README.md
	EndProjectSection
EndProject
Global
	GlobalSection(SolutionConfigurationPlatforms) = preSolution
		Debug|Any CPU = Debug|Any CPU
		Release|Any CPU = Release|Any CPU
	EndGlobalSection
	GlobalSection(ProjectConfigurationPlatforms) = postSolution
		{FD503E53-CAD4-4E72-A49A-02CA2325DCB6}.Debug|Any CPU.ActiveCfg = Debug|Any CPU
		{FD503E53-CAD4-4E72-A49A-02CA2325DCB6}.Debug|Any CPU.Build.0 = Debug|Any CPU
		{FD503E53-CAD4-4E72-A49A-02CA2325DCB6}.Release|Any CPU.ActiveCfg = Release|Any CPU
		{FD503E53-CAD4-4E72-A49A-02CA2325DCB6}.Release|Any CPU.Build.0 = Release|Any CPU
	EndGlobalSection
	GlobalSection(SolutionProperties) = preSolution
		HideSolutionNode = FALSE
	EndGlobalSection
	GlobalSection(ExtensibilityGlobals) = postSolution
		SolutionGuid = {719B337E-9FFA-4B04-802E-642A310E3133}
	EndGlobalSection
EndGlobal
